
Microsoft Visual Studio Solution File, Format Version 12.00
# Visual Studio Version 16
VisualStudioVersion = 16.0.31129.286
MinimumVisualStudioVersion = 10.0.40219.1
Project("{FAE04EC0-301F-11D3-BF4B-00C04F79EFBC}") = "RSCWebApi", "RSCWebApi\RSCWebApi.csproj", "{E0815A4C-5AD9-4CAA-8A64-BB7615CAF465}"
EndProject
Global
	GlobalSection(SolutionConfigurationPlatforms) = preSolution
		Debug|Any CPU = Debug|Any CPU
		Release|Any CPU = Release|Any CPU
	EndGlobalSection
	GlobalSection(ProjectConfigurationPlatforms) = postSolution
		{E0815A4C-5AD9-4CAA-8A64-BB7615CAF465}.Debug|Any CPU.ActiveCfg = Debug|Any CPU
		{E0815A4C-5AD9-4CAA-8A64-BB7615CAF465}.Debug|Any CPU.Build.0 = Debug|Any CPU
		{E0815A4C-5AD9-4CAA-8A64-BB7615CAF465}.Release|Any CPU.ActiveCfg = Release|Any CPU
		{E0815A4C-5AD9-4CAA-8A64-BB7615CAF465}.Release|Any CPU.Build.0 = Release|Any CPU
	EndGlobalSection
	GlobalSection(SolutionProperties) = preSolution
		HideSolutionNode = FALSE
	EndGlobalSection
	GlobalSection(ExtensibilityGlobals) = postSolution
		SolutionGuid = {1A0413FD-3FEA-413F-8010-E4F83382B0D6}
	EndGlobalSection
EndGlobal
